
Microsoft Visual Studio Solution File, Format Version 12.00
# Visual Studio Version 17
VisualStudioVersion = 17.10.35027.167
MinimumVisualStudioVersion = 10.0.40219.1
Project("{FAE04EC0-301F-11D3-BF4B-00C04F79EFBC}") = "ConsoleApp4", "ConsoleApp4\ConsoleApp4.csproj", "{E493FF44-3264-47DA-893B-512E0EFF229E}"
EndProject
Global
	GlobalSection(SolutionConfigurationPlatforms) = preSolution
		Debug|Any CPU = Debug|Any CPU
		Release|Any CPU = Release|Any CPU
	EndGlobalSection
	GlobalSection(ProjectConfigurationPlatforms) = postSolution
		{E493FF44-3264-47DA-893B-512E0EFF229E}.Debug|Any CPU.ActiveCfg = Debug|Any CPU
		{E493FF44-3264-47DA-893B-512E0EFF229E}.Debug|Any CPU.Build.0 = Debug|Any CPU
		{E493FF44-3264-47DA-893B-512E0EFF229E}.Release|Any CPU.ActiveCfg = Release|Any CPU
		{E493FF44-3264-47DA-893B-512E0EFF229E}.Release|Any CPU.Build.0 = Release|Any CPU
	EndGlobalSection
	GlobalSection(SolutionProperties) = preSolution
		HideSolutionNode = FALSE
	EndGlobalSection
	GlobalSection(ExtensibilityGlobals) = postSolution
		SolutionGuid = {B8CA4DAD-342D-4490-BAC6-1ADEE207D47A}
	EndGlobalSection
EndGlobal
